
Microsoft Visual Studio Solution File, Format Version 12.00
# Visual Studio Version 16
VisualStudioVersion = 16.0.30611.23
MinimumVisualStudioVersion = 10.0.40219.1
Project("{FAE04EC0-301F-11D3-BF4B-00C04F79EFBC}") = "simulation (life)", "simulation (life)\simulation (life).csproj", "{AEA1E023-96BB-45FB-AF26-B2BEA4D90FF8}"
EndProject
Global
	GlobalSection(SolutionConfigurationPlatforms) = preSolution
		Debug|Any CPU = Debug|Any CPU
		Release|Any CPU = Release|Any CPU
	EndGlobalSection
	GlobalSection(ProjectConfigurationPlatforms) = postSolution
		{AEA1E023-96BB-45FB-AF26-B2BEA4D90FF8}.Debug|Any CPU.ActiveCfg = Debug|Any CPU
		{AEA1E023-96BB-45FB-AF26-B2BEA4D90FF8}.Debug|Any CPU.Build.0 = Debug|Any CPU
		{AEA1E023-96BB-45FB-AF26-B2BEA4D90FF8}.Release|Any CPU.ActiveCfg = Release|Any CPU
		{AEA1E023-96BB-45FB-AF26-B2BEA4D90FF8}.Release|Any CPU.Build.0 = Release|Any CPU
	EndGlobalSection
	GlobalSection(SolutionProperties) = preSolution
		HideSolutionNode = FALSE
	EndGlobalSection
	GlobalSection(ExtensibilityGlobals) = postSolution
		SolutionGuid = {11449B1A-8AD1-4CBB-9BDC-19BE7A7A7463}
	EndGlobalSection
EndGlobal
